
Microsoft Visual Studio Solution File, Format Version 12.00
# Visual Studio Version 17
VisualStudioVersion = 17.5.002.0
MinimumVisualStudioVersion = 10.0.40219.1
Project("{9A19103F-16F7-4668-BE54-9A1E7A4F7556}") = "mslearn-dotnet-files", "mslearn-dotnet-files.csproj", "{618C1ACF-43E5-4071-8BFC-9BE56F554D37}"
EndProject
Global
	GlobalSection(SolutionConfigurationPlatforms) = preSolution
		Debug|Any CPU = Debug|Any CPU
		Release|Any CPU = Release|Any CPU
	EndGlobalSection
	GlobalSection(ProjectConfigurationPlatforms) = postSolution
		{618C1ACF-43E5-4071-8BFC-9BE56F554D37}.Debug|Any CPU.ActiveCfg = Debug|Any CPU
		{618C1ACF-43E5-4071-8BFC-9BE56F554D37}.Debug|Any CPU.Build.0 = Debug|Any CPU
		{618C1ACF-43E5-4071-8BFC-9BE56F554D37}.Release|Any CPU.ActiveCfg = Release|Any CPU
		{618C1ACF-43E5-4071-8BFC-9BE56F554D37}.Release|Any CPU.Build.0 = Release|Any CPU
	EndGlobalSection
	GlobalSection(SolutionProperties) = preSolution
		HideSolutionNode = FALSE
	EndGlobalSection
	GlobalSection(ExtensibilityGlobals) = postSolution
		SolutionGuid = {D06EF37F-D06C-484E-9829-44B2ABE7FA6A}
	EndGlobalSection
EndGlobal
